
Microsoft Visual Studio Solution File, Format Version 12.00
# Visual Studio Version 17
VisualStudioVersion = 17.0.31919.166
MinimumVisualStudioVersion = 10.0.40219.1
Project("{9A19103F-16F7-4668-BE54-9A1E7A4F7556}") = "Day 1 - CS", "Day 1\Day 1 - CS\Day 1 - CS.csproj", "{31BBEB76-7114-44E0-A102-33D28CF1B434}"
EndProject
Project("{9A19103F-16F7-4668-BE54-9A1E7A4F7556}") = "Day 2 - CS", "Day 2\Day 2 - CS\Day 2 - CS.csproj", "{69E3F219-5D50-4F65-A33D-3452649AD70C}"
EndProject
Project("{9A19103F-16F7-4668-BE54-9A1E7A4F7556}") = "Day 3 - CS", "Day 3\Day 3 - CS\Day 3 - CS.csproj", "{68240AC5-4FD0-4D7A-B1C6-7DC6D05EA4E2}"
EndProject
Project("{9A19103F-16F7-4668-BE54-9A1E7A4F7556}") = "Day 4 - CS", "Day 4\Day 4 - CS\Day 4 - CS.csproj", "{2AE2F3FA-50E5-408B-B44E-43216B146921}"
EndProject
Project("{9A19103F-16F7-4668-BE54-9A1E7A4F7556}") = "Day 5 - CS", "Day 5\Day 5 - CS\Day 5 - CS.csproj", "{09AD3AFB-033E-43BF-8A67-72CAD9182FDF}"
EndProject
Project("{9A19103F-16F7-4668-BE54-9A1E7A4F7556}") = "Day 6 - CS", "Day 6\Day 6 - CS\Day 6 - CS.csproj", "{4798E74B-A897-4CE5-B072-459BB5DED793}"
EndProject
Project("{9A19103F-16F7-4668-BE54-9A1E7A4F7556}") = "Day 7 - CS", "Day 7\Day 7 - CS\Day 7 - CS.csproj", "{7D111BF0-10EE-43DB-8A89-FD94615CC363}"
EndProject
Project("{9A19103F-16F7-4668-BE54-9A1E7A4F7556}") = "Day 8 - CS", "Day 8\Day 8 - CS\Day 8 - CS.csproj", "{6EA45206-460A-4CBE-BD45-84DA363E5FAD}"
EndProject
Project("{9A19103F-16F7-4668-BE54-9A1E7A4F7556}") = "Day 9 - CS", "Day 9\Day 9 - CS\Day 9 - CS.csproj", "{7191B484-020D-43C8-B110-45983716428E}"
EndProject
Project("{8BC9CEB8-8B4A-11D0-8D11-00A0C91BC942}") = "Day 1 - CPP", "Day 1\Day 1 - CPP\Day 1 - CPP.vcxproj", "{33DAEA72-7EF1-45DB-9348-73BDFE6983E2}"
EndProject
Project("{8BC9CEB8-8B4A-11D0-8D11-00A0C91BC942}") = "Day 2 - CPP", "Day 2\Day 2 - CPP\Day 2 - CPP.vcxproj", "{423F4CC6-823A-42CD-845B-ABA51F141A89}"
EndProject
Project("{9A19103F-16F7-4668-BE54-9A1E7A4F7556}") = "Day 10 - CS", "Day 10\Day 10 - CS\Day 10 - CS.csproj", "{204816B0-C1C3-4157-817D-5376B8803492}"
EndProject
Project("{9A19103F-16F7-4668-BE54-9A1E7A4F7556}") = "Day 11 - CS", "Day 11\Day 11 - CS\Day 11 - CS.csproj", "{9B49674C-DDE5-47E8-9281-DBACC9DDC70A}"
EndProject
Project("{8BC9CEB8-8B4A-11D0-8D11-00A0C91BC942}") = "Day 3 - CPP", "Day 3\Day 3 - CPP\Day 3 - CPP.vcxproj", "{67C1F2EB-E028-45E3-9429-2C60B4418C95}"
EndProject
Project("{9A19103F-16F7-4668-BE54-9A1E7A4F7556}") = "Day 12 - CS", "Day 12\Day 12 - CS\Day 12 - CS.csproj", "{2BEE95F0-37F5-4D75-9CB0-E04D4A6F49D8}"
EndProject
Project("{9A19103F-16F7-4668-BE54-9A1E7A4F7556}") = "Day 13 - CS", "Day 13\Day 13 - CS\Day 13 - CS.csproj", "{78818293-213E-4509-9C30-3F36FBE4AAA8}"
EndProject
Project("{9A19103F-16F7-4668-BE54-9A1E7A4F7556}") = "Day 14 - CS", "Day 14\Day 14 - CS\Day 14 - CS.csproj", "{2BAF8C17-AC62-4D81-A54C-5C48395348BD}"
EndProject
Project("{9A19103F-16F7-4668-BE54-9A1E7A4F7556}") = "Day 15 - CS", "Day 15\Day 15 - CS\Day 15 - CS.csproj", "{8239A938-8D02-4560-9BD0-C6303016E228}"
EndProject
Project("{9A19103F-16F7-4668-BE54-9A1E7A4F7556}") = "Day 16 - CS", "Day 16\Day 16 - CPP\Day 16 - CS.csproj", "{E3D71D8D-FE2A-429E-BC48-9C9A1948EA76}"
EndProject
Project("{9A19103F-16F7-4668-BE54-9A1E7A4F7556}") = "Day 17 - CS", "Day 17\Day 17 - CPP\Day 17 - CS.csproj", "{7FB54CA6-B0A7-44BC-B5BE-FC6461B78682}"
EndProject
Project("{9A19103F-16F7-4668-BE54-9A1E7A4F7556}") = "Day 19 - CS", "Day 19\Day 19 - CS\Day 19 - CS.csproj", "{DA6AF972-46E9-43EC-90C3-DA8D9DCD1738}"
EndProject
Project("{9A19103F-16F7-4668-BE54-9A1E7A4F7556}") = "Day 21 - CS", "Day 21\Day 21 - CS\Day 21 - CS.csproj", "{66D4FC1C-3963-40D1-88EA-DE3A32666CEF}"
EndProject
Project("{9A19103F-16F7-4668-BE54-9A1E7A4F7556}") = "Day 18 - CS", "Day 18\Day 18 - CS\Day 18 - CS.csproj", "{1FF0BFF8-FB65-4549-9B1F-A9EDDE851B80}"
EndProject
Project("{9A19103F-16F7-4668-BE54-9A1E7A4F7556}") = "Day 20 - CS", "Day 20\Day 20 - CS\Day 20 - CS.csproj", "{54D7533E-05F3-4B57-9724-8810193A9328}"
EndProject
Project("{9A19103F-16F7-4668-BE54-9A1E7A4F7556}") = "Day 22 - CS", "Day 22\Day 22 - CS\Day 22 - CS.csproj", "{9CE1A297-3C28-4BD1-BA63-B94A5B135E8C}"
EndProject
Project("{FAE04EC0-301F-11D3-BF4B-00C04F79EFBC}") = "Day 23 - CS", "Day 23\Day 23 - CS\Day 23 - CS.csproj", "{263BA082-E678-4BEF-BC1A-8E6620F477EA}"
EndProject
Project("{FAE04EC0-301F-11D3-BF4B-00C04F79EFBC}") = "Day 24 - CS", "Day 24\Day 24 - CS\Day 24 - CS.csproj", "{9AB6FBB7-CF83-48BF-86B3-584C9E42231F}"
EndProject
Global
	GlobalSection(SolutionConfigurationPlatforms) = preSolution
		Debug|Any CPU = Debug|Any CPU
		Debug|x64 = Debug|x64
		Debug|x86 = Debug|x86
		Release|Any CPU = Release|Any CPU
		Release|x64 = Release|x64
		Release|x86 = Release|x86
	EndGlobalSection
	GlobalSection(ProjectConfigurationPlatforms) = postSolution
		{31BBEB76-7114-44E0-A102-33D28CF1B434}.Debug|Any CPU.ActiveCfg = Debug|Any CPU
		{31BBEB76-7114-44E0-A102-33D28CF1B434}.Debug|Any CPU.Build.0 = Debug|Any CPU
		{31BBEB76-7114-44E0-A102-33D28CF1B434}.Debug|x64.ActiveCfg = Debug|Any CPU
		{31BBEB76-7114-44E0-A102-33D28CF1B434}.Debug|x64.Build.0 = Debug|Any CPU
		{31BBEB76-7114-44E0-A102-33D28CF1B434}.Debug|x86.ActiveCfg = Debug|Any CPU
		{31BBEB76-7114-44E0-A102-33D28CF1B434}.Debug|x86.Build.0 = Debug|Any CPU
		{31BBEB76-7114-44E0-A102-33D28CF1B434}.Release|Any CPU.ActiveCfg = Release|Any CPU
		{31BBEB76-7114-44E0-A102-33D28CF1B434}.Release|Any CPU.Build.0 = Release|Any CPU
		{31BBEB76-7114-44E0-A102-33D28CF1B434}.Release|x64.ActiveCfg = Release|Any CPU
		{31BBEB76-7114-44E0-A102-33D28CF1B434}.Release|x64.Build.0 = Release|Any CPU
		{31BBEB76-7114-44E0-A102-33D28CF1B434}.Release|x86.ActiveCfg = Release|Any CPU
		{31BBEB76-7114-44E0-A102-33D28CF1B434}.Release|x86.Build.0 = Release|Any CPU
		{69E3F219-5D50-4F65-A33D-3452649AD70C}.Debug|Any CPU.ActiveCfg = Debug|Any CPU
		{69E3F219-5D50-4F65-A33D-3452649AD70C}.Debug|Any CPU.Build.0 = Debug|Any CPU
		{69E3F219-5D50-4F65-A33D-3452649AD70C}.Debug|x64.ActiveCfg = Debug|Any CPU
		{69E3F219-5D50-4F65-A33D-3452649AD70C}.Debug|x64.Build.0 = Debug|Any CPU
		{69E3F219-5D50-4F65-A33D-3452649AD70C}.Debug|x86.ActiveCfg = Debug|Any CPU
		{69E3F219-5D50-4F65-A33D-3452649AD70C}.Debug|x86.Build.0 = Debug|Any CPU
		{69E3F219-5D50-4F65-A33D-3452649AD70C}.Release|Any CPU.ActiveCfg = Release|Any CPU
		{69E3F219-5D50-4F65-A33D-3452649AD70C}.Release|Any CPU.Build.0 = Release|Any CPU
		{69E3F219-5D50-4F65-A33D-3452649AD70C}.Release|x64.ActiveCfg = Release|Any CPU
		{69E3F219-5D50-4F65-A33D-3452649AD70C}.Release|x64.Build.0 = Release|Any CPU
		{69E3F219-5D50-4F65-A33D-3452649AD70C}.Release|x86.ActiveCfg = Release|Any CPU
		{69E3F219-5D50-4F65-A33D-3452649AD70C}.Release|x86.Build.0 = Release|Any CPU
		{68240AC5-4FD0-4D7A-B1C6-7DC6D05EA4E2}.Debug|Any CPU.ActiveCfg = Debug|Any CPU
		{68240AC5-4FD0-4D7A-B1C6-7DC6D05EA4E2}.Debug|Any CPU.Build.0 = Debug|Any CPU
		{68240AC5-4FD0-4D7A-B1C6-7DC6D05EA4E2}.Debug|x64.ActiveCfg = Debug|Any CPU
		{68240AC5-4FD0-4D7A-B1C6-7DC6D05EA4E2}.Debug|x64.Build.0 = Debug|Any CPU
		{68240AC5-4FD0-4D7A-B1C6-7DC6D05EA4E2}.Debug|x86.ActiveCfg = Debug|Any CPU
		{68240AC5-4FD0-4D7A-B1C6-7DC6D05EA4E2}.Debug|x86.Build.0 = Debug|Any CPU
		{68240AC5-4FD0-4D7A-B1C6-7DC6D05EA4E2}.Release|Any CPU.ActiveCfg = Release|Any CPU
		{68240AC5-4FD0-4D7A-B1C6-7DC6D05EA4E2}.Release|Any CPU.Build.0 = Release|Any CPU
		{68240AC5-4FD0-4D7A-B1C6-7DC6D05EA4E2}.Release|x64.ActiveCfg = Release|Any CPU
		{68240AC5-4FD0-4D7A-B1C6-7DC6D05EA4E2}.Release|x64.Build.0 = Release|Any CPU
		{68240AC5-4FD0-4D7A-B1C6-7DC6D05EA4E2}.Release|x86.ActiveCfg = Release|Any CPU
		{68240AC5-4FD0-4D7A-B1C6-7DC6D05EA4E2}.Release|x86.Build.0 = Release|Any CPU
		{2AE2F3FA-50E5-408B-B44E-43216B146921}.Debug|Any CPU.ActiveCfg = Debug|Any CPU
		{2AE2F3FA-50E5-408B-B44E-43216B146921}.Debug|Any CPU.Build.0 = Debug|Any CPU
		{2AE2F3FA-50E5-408B-B44E-43216B146921}.Debug|x64.ActiveCfg = Debug|Any CPU
		{2AE2F3FA-50E5-408B-B44E-43216B146921}.Debug|x64.Build.0 = Debug|Any CPU
		{2AE2F3FA-50E5-408B-B44E-43216B146921}.Debug|x86.ActiveCfg = Debug|Any CPU
		{2AE2F3FA-50E5-408B-B44E-43216B146921}.Debug|x86.Build.0 = Debug|Any CPU
		{2AE2F3FA-50E5-408B-B44E-43216B146921}.Release|Any CPU.ActiveCfg = Release|Any CPU
		{2AE2F3FA-50E5-408B-B44E-43216B146921}.Release|Any CPU.Build.0 = Release|Any CPU
		{2AE2F3FA-50E5-408B-B44E-43216B146921}.Release|x64.ActiveCfg = Release|Any CPU
		{2AE2F3FA-50E5-408B-B44E-43216B146921}.Release|x64.Build.0 = Release|Any CPU
		{2AE2F3FA-50E5-408B-B44E-43216B146921}.Release|x86.ActiveCfg = Release|Any CPU
		{2AE2F3FA-50E5-408B-B44E-43216B146921}.Release|x86.Build.0 = Release|Any CPU
		{09AD3AFB-033E-43BF-8A67-72CAD9182FDF}.Debug|Any CPU.ActiveCfg = Debug|Any CPU
		{09AD3AFB-033E-43BF-8A67-72CAD9182FDF}.Debug|Any CPU.Build.0 = Debug|Any CPU
		{09AD3AFB-033E-43BF-8A67-72CAD9182FDF}.Debug|x64.ActiveCfg = Debug|Any CPU
		{09AD3AFB-033E-43BF-8A67-72CAD9182FDF}.Debug|x64.Build.0 = Debug|Any CPU
		{09AD3AFB-033E-43BF-8A67-72CAD9182FDF}.Debug|x86.ActiveCfg = Debug|Any CPU
		{09AD3AFB-033E-43BF-8A67-72CAD9182FDF}.Debug|x86.Build.0 = Debug|Any CPU
		{09AD3AFB-033E-43BF-8A67-72CAD9182FDF}.Release|Any CPU.ActiveCfg = Release|Any CPU
		{09AD3AFB-033E-43BF-8A67-72CAD9182FDF}.Release|Any CPU.Build.0 = Release|Any CPU
		{09AD3AFB-033E-43BF-8A67-72CAD9182FDF}.Release|x64.ActiveCfg = Release|Any CPU
		{09AD3AFB-033E-43BF-8A67-72CAD9182FDF}.Release|x64.Build.0 = Release|Any CPU
		{09AD3AFB-033E-43BF-8A67-72CAD9182FDF}.Release|x86.ActiveCfg = Release|Any CPU
		{09AD3AFB-033E-43BF-8A67-72CAD9182FDF}.Release|x86.Build.0 = Release|Any CPU
		{4798E74B-A897-4CE5-B072-459BB5DED793}.Debug|Any CPU.ActiveCfg = Debug|Any CPU
		{4798E74B-A897-4CE5-B072-459BB5DED793}.Debug|Any CPU.Build.0 = Debug|Any CPU
		{4798E74B-A897-4CE5-B072-459BB5DED793}.Debug|x64.ActiveCfg = Debug|Any CPU
		{4798E74B-A897-4CE5-B072-459BB5DED793}.Debug|x64.Build.0 = Debug|Any CPU
		{4798E74B-A897-4CE5-B072-459BB5DED793}.Debug|x86.ActiveCfg = Debug|Any CPU
		{4798E74B-A897-4CE5-B072-459BB5DED793}.Debug|x86.Build.0 = Debug|Any CPU
		{4798E74B-A897-4CE5-B072-459BB5DED793}.Release|Any CPU.ActiveCfg = Release|Any CPU
		{4798E74B-A897-4CE5-B072-459BB5DED793}.Release|Any CPU.Build.0 = Release|Any CPU
		{4798E74B-A897-4CE5-B072-459BB5DED793}.Release|x64.ActiveCfg = Release|Any CPU
		{4798E74B-A897-4CE5-B072-459BB5DED793}.Release|x64.Build.0 = Release|Any CPU
		{4798E74B-A897-4CE5-B072-459BB5DED793}.Release|x86.ActiveCfg = Release|Any CPU
		{4798E74B-A897-4CE5-B072-459BB5DED793}.Release|x86.Build.0 = Release|Any CPU
		{7D111BF0-10EE-43DB-8A89-FD94615CC363}.Debug|Any CPU.ActiveCfg = Debug|Any CPU
		{7D111BF0-10EE-43DB-8A89-FD94615CC363}.Debug|Any CPU.Build.0 = Debug|Any CPU
		{7D111BF0-10EE-43DB-8A89-FD94615CC363}.Debug|x64.ActiveCfg = Debug|Any CPU
		{7D111BF0-10EE-43DB-8A89-FD94615CC363}.Debug|x64.Build.0 = Debug|Any CPU
		{7D111BF0-10EE-43DB-8A89-FD94615CC363}.Debug|x86.ActiveCfg = Debug|Any CPU
		{7D111BF0-10EE-43DB-8A89-FD94615CC363}.Debug|x86.Build.0 = Debug|Any CPU
		{7D111BF0-10EE-43DB-8A89-FD94615CC363}.Release|Any CPU.ActiveCfg = Release|Any CPU
		{7D111BF0-10EE-43DB-8A89-FD94615CC363}.Release|Any CPU.Build.0 = Release|Any CPU
		{7D111BF0-10EE-43DB-8A89-FD94615CC363}.Release|x64.ActiveCfg = Release|Any CPU
		{7D111BF0-10EE-43DB-8A89-FD94615CC363}.Release|x64.Build.0 = Release|Any CPU
		{7D111BF0-10EE-43DB-8A89-FD94615CC363}.Release|x86.ActiveCfg = Release|Any CPU
		{7D111BF0-10EE-43DB-8A89-FD94615CC363}.Release|x86.Build.0 = Release|Any CPU
		{6EA45206-460A-4CBE-BD45-84DA363E5FAD}.Debug|Any CPU.ActiveCfg = Debug|Any CPU
		{6EA45206-460A-4CBE-BD45-84DA363E5FAD}.Debug|Any CPU.Build.0 = Debug|Any CPU
		{6EA45206-460A-4CBE-BD45-84DA363E5FAD}.Debug|x64.ActiveCfg = Debug|Any CPU
		{6EA45206-460A-4CBE-BD45-84DA363E5FAD}.Debug|x64.Build.0 = Debug|Any CPU
		{6EA45206-460A-4CBE-BD45-84DA363E5FAD}.Debug|x86.ActiveCfg = Debug|Any CPU
		{6EA45206-460A-4CBE-BD45-84DA363E5FAD}.Debug|x86.Build.0 = Debug|Any CPU
		{6EA45206-460A-4CBE-BD45-84DA363E5FAD}.Release|Any CPU.ActiveCfg = Release|Any CPU
		{6EA45206-460A-4CBE-BD45-84DA363E5FAD}.Release|Any CPU.Build.0 = Release|Any CPU
		{6EA45206-460A-4CBE-BD45-84DA363E5FAD}.Release|x64.ActiveCfg = Release|Any CPU
		{6EA45206-460A-4CBE-BD45-84DA363E5FAD}.Release|x64.Build.0 = Release|Any CPU
		{6EA45206-460A-4CBE-BD45-84DA363E5FAD}.Release|x86.ActiveCfg = Release|Any CPU
		{6EA45206-460A-4CBE-BD45-84DA363E5FAD}.Release|x86.Build.0 = Release|Any CPU
		{7191B484-020D-43C8-B110-45983716428E}.Debug|Any CPU.ActiveCfg = Debug|Any CPU
		{7191B484-020D-43C8-B110-45983716428E}.Debug|Any CPU.Build.0 = Debug|Any CPU
		{7191B484-020D-43C8-B110-45983716428E}.Debug|x64.ActiveCfg = Debug|Any CPU
		{7191B484-020D-43C8-B110-45983716428E}.Debug|x64.Build.0 = Debug|Any CPU
		{7191B484-020D-43C8-B110-45983716428E}.Debug|x86.ActiveCfg = Debug|Any CPU
		{7191B484-020D-43C8-B110-45983716428E}.Debug|x86.Build.0 = Debug|Any CPU
		{7191B484-020D-43C8-B110-45983716428E}.Release|Any CPU.ActiveCfg = Release|Any CPU
		{7191B484-020D-43C8-B110-45983716428E}.Release|Any CPU.Build.0 = Release|Any CPU
		{7191B484-020D-43C8-B110-45983716428E}.Release|x64.ActiveCfg = Release|Any CPU
		{7191B484-020D-43C8-B110-45983716428E}.Release|x64.Build.0 = Release|Any CPU
		{7191B484-020D-43C8-B110-45983716428E}.Release|x86.ActiveCfg = Release|Any CPU
		{7191B484-020D-43C8-B110-45983716428E}.Release|x86.Build.0 = Release|Any CPU
		{33DAEA72-7EF1-45DB-9348-73BDFE6983E2}.Debug|Any CPU.ActiveCfg = Debug|x64
		{33DAEA72-7EF1-45DB-9348-73BDFE6983E2}.Debug|Any CPU.Build.0 = Debug|x64
		{33DAEA72-7EF1-45DB-9348-73BDFE6983E2}.Debug|x64.ActiveCfg = Debug|x64
		{33DAEA72-7EF1-45DB-9348-73BDFE6983E2}.Debug|x64.Build.0 = Debug|x64
		{33DAEA72-7EF1-45DB-9348-73BDFE6983E2}.Debug|x86.ActiveCfg = Debug|Win32
		{33DAEA72-7EF1-45DB-9348-73BDFE6983E2}.Debug|x86.Build.0 = Debug|Win32
		{33DAEA72-7EF1-45DB-9348-73BDFE6983E2}.Release|Any CPU.ActiveCfg = Release|x64
		{33DAEA72-7EF1-45DB-9348-73BDFE6983E2}.Release|Any CPU.Build.0 = Release|x64
		{33DAEA72-7EF1-45DB-9348-73BDFE6983E2}.Release|x64.ActiveCfg = Release|x64
		{33DAEA72-7EF1-45DB-9348-73BDFE6983E2}.Release|x64.Build.0 = Release|x64
		{33DAEA72-7EF1-45DB-9348-73BDFE6983E2}.Release|x86.ActiveCfg = Release|Win32
		{33DAEA72-7EF1-45DB-9348-73BDFE6983E2}.Release|x86.Build.0 = Release|Win32
		{423F4CC6-823A-42CD-845B-ABA51F141A89}.Debug|Any CPU.ActiveCfg = Debug|x64
		{423F4CC6-823A-42CD-845B-ABA51F141A89}.Debug|Any CPU.Build.0 = Debug|x64
		{423F4CC6-823A-42CD-845B-ABA51F141A89}.Debug|x64.ActiveCfg = Debug|x64
		{423F4CC6-823A-42CD-845B-ABA51F141A89}.Debug|x64.Build.0 = Debug|x64
		{423F4CC6-823A-42CD-845B-ABA51F141A89}.Debug|x86.ActiveCfg = Debug|Win32
		{423F4CC6-823A-42CD-845B-ABA51F141A89}.Debug|x86.Build.0 = Debug|Win32
		{423F4CC6-823A-42CD-845B-ABA51F141A89}.Release|Any CPU.ActiveCfg = Release|x64
		{423F4CC6-823A-42CD-845B-ABA51F141A89}.Release|Any CPU.Build.0 = Release|x64
		{423F4CC6-823A-42CD-845B-ABA51F141A89}.Release|x64.ActiveCfg = Release|x64
		{423F4CC6-823A-42CD-845B-ABA51F141A89}.Release|x64.Build.0 = Release|x64
		{423F4CC6-823A-42CD-845B-ABA51F141A89}.Release|x86.ActiveCfg = Release|Win32
		{423F4CC6-823A-42CD-845B-ABA51F141A89}.Release|x86.Build.0 = Release|Win32
		{204816B0-C1C3-4157-817D-5376B8803492}.Debug|Any CPU.ActiveCfg = Debug|Any CPU
		{204816B0-C1C3-4157-817D-5376B8803492}.Debug|Any CPU.Build.0 = Debug|Any CPU
		{204816B0-C1C3-4157-817D-5376B8803492}.Debug|x64.ActiveCfg = Debug|Any CPU
		{204816B0-C1C3-4157-817D-5376B8803492}.Debug|x64.Build.0 = Debug|Any CPU
		{204816B0-C1C3-4157-817D-5376B8803492}.Debug|x86.ActiveCfg = Debug|Any CPU
		{204816B0-C1C3-4157-817D-5376B8803492}.Debug|x86.Build.0 = Debug|Any CPU
		{204816B0-C1C3-4157-817D-5376B8803492}.Release|Any CPU.ActiveCfg = Release|Any CPU
		{204816B0-C1C3-4157-817D-5376B8803492}.Release|Any CPU.Build.0 = Release|Any CPU
		{204816B0-C1C3-4157-817D-5376B8803492}.Release|x64.ActiveCfg = Release|Any CPU
		{204816B0-C1C3-4157-817D-5376B8803492}.Release|x64.Build.0 = Release|Any CPU
		{204816B0-C1C3-4157-817D-5376B8803492}.Release|x86.ActiveCfg = Release|Any CPU
		{204816B0-C1C3-4157-817D-5376B8803492}.Release|x86.Build.0 = Release|Any CPU
		{9B49674C-DDE5-47E8-9281-DBACC9DDC70A}.Debug|Any CPU.ActiveCfg = Debug|Any CPU
		{9B49674C-DDE5-47E8-9281-DBACC9DDC70A}.Debug|Any CPU.Build.0 = Debug|Any CPU
		{9B49674C-DDE5-47E8-9281-DBACC9DDC70A}.Debug|x64.ActiveCfg = Debug|Any CPU
		{9B49674C-DDE5-47E8-9281-DBACC9DDC70A}.Debug|x64.Build.0 = Debug|Any CPU
		{9B49674C-DDE5-47E8-9281-DBACC9DDC70A}.Debug|x86.ActiveCfg = Debug|Any CPU
		{9B49674C-DDE5-47E8-9281-DBACC9DDC70A}.Debug|x86.Build.0 = Debug|Any CPU
		{9B49674C-DDE5-47E8-9281-DBACC9DDC70A}.Release|Any CPU.ActiveCfg = Release|Any CPU
		{9B49674C-DDE5-47E8-9281-DBACC9DDC70A}.Release|Any CPU.Build.0 = Release|Any CPU
		{9B49674C-DDE5-47E8-9281-DBACC9DDC70A}.Release|x64.ActiveCfg = Release|Any CPU
		{9B49674C-DDE5-47E8-9281-DBACC9DDC70A}.Release|x64.Build.0 = Release|Any CPU
		{9B49674C-DDE5-47E8-9281-DBACC9DDC70A}.Release|x86.ActiveCfg = Release|Any CPU
		{9B49674C-DDE5-47E8-9281-DBACC9DDC70A}.Release|x86.Build.0 = Release|Any CPU
		{67C1F2EB-E028-45E3-9429-2C60B4418C95}.Debug|Any CPU.ActiveCfg = Debug|x64
		{67C1F2EB-E028-45E3-9429-2C60B4418C95}.Debug|Any CPU.Build.0 = Debug|x64
		{67C1F2EB-E028-45E3-9429-2C60B4418C95}.Debug|x64.ActiveCfg = Debug|x64
		{67C1F2EB-E028-45E3-9429-2C60B4418C95}.Debug|x64.Build.0 = Debug|x64
		{67C1F2EB-E028-45E3-9429-2C60B4418C95}.Debug|x86.ActiveCfg = Debug|Win32
		{67C1F2EB-E028-45E3-9429-2C60B4418C95}.Debug|x86.Build.0 = Debug|Win32
		{67C1F2EB-E028-45E3-9429-2C60B4418C95}.Release|Any CPU.ActiveCfg = Release|x64
		{67C1F2EB-E028-45E3-9429-2C60B4418C95}.Release|Any CPU.Build.0 = Release|x64
		{67C1F2EB-E028-45E3-9429-2C60B4418C95}.Release|x64.ActiveCfg = Release|x64
		{67C1F2EB-E028-45E3-9429-2C60B4418C95}.Release|x64.Build.0 = Release|x64
		{67C1F2EB-E028-45E3-9429-2C60B4418C95}.Release|x86.ActiveCfg = Release|Win32
		{67C1F2EB-E028-45E3-9429-2C60B4418C95}.Release|x86.Build.0 = Release|Win32
		{2BEE95F0-37F5-4D75-9CB0-E04D4A6F49D8}.Debug|Any CPU.ActiveCfg = Debug|Any CPU
		{2BEE95F0-37F5-4D75-9CB0-E04D4A6F49D8}.Debug|Any CPU.Build.0 = Debug|Any CPU
		{2BEE95F0-37F5-4D75-9CB0-E04D4A6F49D8}.Debug|x64.ActiveCfg = Debug|Any CPU
		{2BEE95F0-37F5-4D75-9CB0-E04D4A6F49D8}.Debug|x64.Build.0 = Debug|Any CPU
		{2BEE95F0-37F5-4D75-9CB0-E04D4A6F49D8}.Debug|x86.ActiveCfg = Debug|Any CPU
		{2BEE95F0-37F5-4D75-9CB0-E04D4A6F49D8}.Debug|x86.Build.0 = Debug|Any CPU
		{2BEE95F0-37F5-4D75-9CB0-E04D4A6F49D8}.Release|Any CPU.ActiveCfg = Release|Any CPU
		{2BEE95F0-37F5-4D75-9CB0-E04D4A6F49D8}.Release|Any CPU.Build.0 = Release|Any CPU
		{2BEE95F0-37F5-4D75-9CB0-E04D4A6F49D8}.Release|x64.ActiveCfg = Release|Any CPU
		{2BEE95F0-37F5-4D75-9CB0-E04D4A6F49D8}.Release|x64.Build.0 = Release|Any CPU
		{2BEE95F0-37F5-4D75-9CB0-E04D4A6F49D8}.Release|x86.ActiveCfg = Release|Any CPU
		{2BEE95F0-37F5-4D75-9CB0-E04D4A6F49D8}.Release|x86.Build.0 = Release|Any CPU
		{78818293-213E-4509-9C30-3F36FBE4AAA8}.Debug|Any CPU.ActiveCfg = Debug|Any CPU
		{78818293-213E-4509-9C30-3F36FBE4AAA8}.Debug|Any CPU.Build.0 = Debug|Any CPU
		{78818293-213E-4509-9C30-3F36FBE4AAA8}.Debug|x64.ActiveCfg = Debug|Any CPU
		{78818293-213E-4509-9C30-3F36FBE4AAA8}.Debug|x64.Build.0 = Debug|Any CPU
		{78818293-213E-4509-9C30-3F36FBE4AAA8}.Debug|x86.ActiveCfg = Debug|Any CPU
		{78818293-213E-4509-9C30-3F36FBE4AAA8}.Debug|x86.Build.0 = Debug|Any CPU
		{78818293-213E-4509-9C30-3F36FBE4AAA8}.Release|Any CPU.ActiveCfg = Release|Any CPU
		{78818293-213E-4509-9C30-3F36FBE4AAA8}.Release|Any CPU.Build.0 = Release|Any CPU
		{78818293-213E-4509-9C30-3F36FBE4AAA8}.Release|x64.ActiveCfg = Release|Any CPU
		{78818293-213E-4509-9C30-3F36FBE4AAA8}.Release|x64.Build.0 = Release|Any CPU
		{78818293-213E-4509-9C30-3F36FBE4AAA8}.Release|x86.ActiveCfg = Release|Any CPU
		{78818293-213E-4509-9C30-3F36FBE4AAA8}.Release|x86.Build.0 = Release|Any CPU
		{2BAF8C17-AC62-4D81-A54C-5C48395348BD}.Debug|Any CPU.ActiveCfg = Debug|Any CPU
		{2BAF8C17-AC62-4D81-A54C-5C48395348BD}.Debug|Any CPU.Build.0 = Debug|Any CPU
		{2BAF8C17-AC62-4D81-A54C-5C48395348BD}.Debug|x64.ActiveCfg = Debug|Any CPU
		{2BAF8C17-AC62-4D81-A54C-5C48395348BD}.Debug|x64.Build.0 = Debug|Any CPU
		{2BAF8C17-AC62-4D81-A54C-5C48395348BD}.Debug|x86.ActiveCfg = Debug|Any CPU
		{2BAF8C17-AC62-4D81-A54C-5C48395348BD}.Debug|x86.Build.0 = Debug|Any CPU
		{2BAF8C17-AC62-4D81-A54C-5C48395348BD}.Release|Any CPU.ActiveCfg = Release|Any CPU
		{2BAF8C17-AC62-4D81-A54C-5C48395348BD}.Release|Any CPU.Build.0 = Release|Any CPU
		{2BAF8C17-AC62-4D81-A54C-5C48395348BD}.Release|x64.ActiveCfg = Release|Any CPU
		{2BAF8C17-AC62-4D81-A54C-5C48395348BD}.Release|x64.Build.0 = Release|Any CPU
		{2BAF8C17-AC62-4D81-A54C-5C48395348BD}.Release|x86.ActiveCfg = Release|Any CPU
		{2BAF8C17-AC62-4D81-A54C-5C48395348BD}.Release|x86.Build.0 = Release|Any CPU
		{8239A938-8D02-4560-9BD0-C6303016E228}.Debug|Any CPU.ActiveCfg = Debug|Any CPU
		{8239A938-8D02-4560-9BD0-C6303016E228}.Debug|Any CPU.Build.0 = Debug|Any CPU
		{8239A938-8D02-4560-9BD0-C6303016E228}.Debug|x64.ActiveCfg = Debug|Any CPU
		{8239A938-8D02-4560-9BD0-C6303016E228}.Debug|x64.Build.0 = Debug|Any CPU
		{8239A938-8D02-4560-9BD0-C6303016E228}.Debug|x86.ActiveCfg = Debug|Any CPU
		{8239A938-8D02-4560-9BD0-C6303016E228}.Debug|x86.Build.0 = Debug|Any CPU
		{8239A938-8D02-4560-9BD0-C6303016E228}.Release|Any CPU.ActiveCfg = Release|Any CPU
		{8239A938-8D02-4560-9BD0-C6303016E228}.Release|Any CPU.Build.0 = Release|Any CPU
		{8239A938-8D02-4560-9BD0-C6303016E228}.Release|x64.ActiveCfg = Release|Any CPU
		{8239A938-8D02-4560-9BD0-C6303016E228}.Release|x64.Build.0 = Release|Any CPU
		{8239A938-8D02-4560-9BD0-C6303016E228}.Release|x86.ActiveCfg = Release|Any CPU
		{8239A938-8D02-4560-9BD0-C6303016E228}.Release|x86.Build.0 = Release|Any CPU
		{E3D71D8D-FE2A-429E-BC48-9C9A1948EA76}.Debug|Any CPU.ActiveCfg = Debug|Any CPU
		{E3D71D8D-FE2A-429E-BC48-9C9A1948EA76}.Debug|Any CPU.Build.0 = Debug|Any CPU
		{E3D71D8D-FE2A-429E-BC48-9C9A1948EA76}.Debug|x64.ActiveCfg = Debug|Any CPU
		{E3D71D8D-FE2A-429E-BC48-9C9A1948EA76}.Debug|x64.Build.0 = Debug|Any CPU
		{E3D71D8D-FE2A-429E-BC48-9C9A1948EA76}.Debug|x86.ActiveCfg = Debug|Any CPU
		{E3D71D8D-FE2A-429E-BC48-9C9A1948EA76}.Debug|x86.Build.0 = Debug|Any CPU
		{E3D71D8D-FE2A-429E-BC48-9C9A1948EA76}.Release|Any CPU.ActiveCfg = Release|Any CPU
		{E3D71D8D-FE2A-429E-BC48-9C9A1948EA76}.Release|Any CPU.Build.0 = Release|Any CPU
		{E3D71D8D-FE2A-429E-BC48-9C9A1948EA76}.Release|x64.ActiveCfg = Release|Any CPU
		{E3D71D8D-FE2A-429E-BC48-9C9A1948EA76}.Release|x64.Build.0 = Release|Any CPU
		{E3D71D8D-FE2A-429E-BC48-9C9A1948EA76}.Release|x86.ActiveCfg = Release|Any CPU
		{E3D71D8D-FE2A-429E-BC48-9C9A1948EA76}.Release|x86.Build.0 = Release|Any CPU
		{7FB54CA6-B0A7-44BC-B5BE-FC6461B78682}.Debug|Any CPU.ActiveCfg = Debug|Any CPU
		{7FB54CA6-B0A7-44BC-B5BE-FC6461B78682}.Debug|Any CPU.Build.0 = Debug|Any CPU
		{7FB54CA6-B0A7-44BC-B5BE-FC6461B78682}.Debug|x64.ActiveCfg = Debug|Any CPU
		{7FB54CA6-B0A7-44BC-B5BE-FC6461B78682}.Debug|x64.Build.0 = Debug|Any CPU
		{7FB54CA6-B0A7-44BC-B5BE-FC6461B78682}.Debug|x86.ActiveCfg = Debug|Any CPU
		{7FB54CA6-B0A7-44BC-B5BE-FC6461B78682}.Debug|x86.Build.0 = Debug|Any CPU
		{7FB54CA6-B0A7-44BC-B5BE-FC6461B78682}.Release|Any CPU.ActiveCfg = Release|Any CPU
		{7FB54CA6-B0A7-44BC-B5BE-FC6461B78682}.Release|Any CPU.Build.0 = Release|Any CPU
		{7FB54CA6-B0A7-44BC-B5BE-FC6461B78682}.Release|x64.ActiveCfg = Release|Any CPU
		{7FB54CA6-B0A7-44BC-B5BE-FC6461B78682}.Release|x64.Build.0 = Release|Any CPU
		{7FB54CA6-B0A7-44BC-B5BE-FC6461B78682}.Release|x86.ActiveCfg = Release|Any CPU
		{7FB54CA6-B0A7-44BC-B5BE-FC6461B78682}.Release|x86.Build.0 = Release|Any CPU
		{DA6AF972-46E9-43EC-90C3-DA8D9DCD1738}.Debug|Any CPU.ActiveCfg = Debug|Any CPU
		{DA6AF972-46E9-43EC-90C3-DA8D9DCD1738}.Debug|Any CPU.Build.0 = Debug|Any CPU
		{DA6AF972-46E9-43EC-90C3-DA8D9DCD1738}.Debug|x64.ActiveCfg = Debug|Any CPU
		{DA6AF972-46E9-43EC-90C3-DA8D9DCD1738}.Debug|x64.Build.0 = Debug|Any CPU
		{DA6AF972-46E9-43EC-90C3-DA8D9DCD1738}.Debug|x86.ActiveCfg = Debug|Any CPU
		{DA6AF972-46E9-43EC-90C3-DA8D9DCD1738}.Debug|x86.Build.0 = Debug|Any CPU
		{DA6AF972-46E9-43EC-90C3-DA8D9DCD1738}.Release|Any CPU.ActiveCfg = Release|Any CPU
		{DA6AF972-46E9-43EC-90C3-DA8D9DCD1738}.Release|Any CPU.Build.0 = Release|Any CPU
		{DA6AF972-46E9-43EC-90C3-DA8D9DCD1738}.Release|x64.ActiveCfg = Release|Any CPU
		{DA6AF972-46E9-43EC-90C3-DA8D9DCD1738}.Release|x64.Build.0 = Release|Any CPU
		{DA6AF972-46E9-43EC-90C3-DA8D9DCD1738}.Release|x86.ActiveCfg = Release|Any CPU
		{DA6AF972-46E9-43EC-90C3-DA8D9DCD1738}.Release|x86.Build.0 = Release|Any CPU
		{66D4FC1C-3963-40D1-88EA-DE3A32666CEF}.Debug|Any CPU.ActiveCfg = Debug|Any CPU
		{66D4FC1C-3963-40D1-88EA-DE3A32666CEF}.Debug|Any CPU.Build.0 = Debug|Any CPU
		{66D4FC1C-3963-40D1-88EA-DE3A32666CEF}.Debug|x64.ActiveCfg = Debug|Any CPU
		{66D4FC1C-3963-40D1-88EA-DE3A32666CEF}.Debug|x64.Build.0 = Debug|Any CPU
		{66D4FC1C-3963-40D1-88EA-DE3A32666CEF}.Debug|x86.ActiveCfg = Debug|Any CPU
		{66D4FC1C-3963-40D1-88EA-DE3A32666CEF}.Debug|x86.Build.0 = Debug|Any CPU
		{66D4FC1C-3963-40D1-88EA-DE3A32666CEF}.Release|Any CPU.ActiveCfg = Release|Any CPU
		{66D4FC1C-3963-40D1-88EA-DE3A32666CEF}.Release|Any CPU.Build.0 = Release|Any CPU
		{66D4FC1C-3963-40D1-88EA-DE3A32666CEF}.Release|x64.ActiveCfg = Release|Any CPU
		{66D4FC1C-3963-40D1-88EA-DE3A32666CEF}.Release|x64.Build.0 = Release|Any CPU
		{66D4FC1C-3963-40D1-88EA-DE3A32666CEF}.Release|x86.ActiveCfg = Release|Any CPU
		{66D4FC1C-3963-40D1-88EA-DE3A32666CEF}.Release|x86.Build.0 = Release|Any CPU
		{1FF0BFF8-FB65-4549-9B1F-A9EDDE851B80}.Debug|Any CPU.ActiveCfg = Debug|Any CPU
		{1FF0BFF8-FB65-4549-9B1F-A9EDDE851B80}.Debug|Any CPU.Build.0 = Debug|Any CPU
		{1FF0BFF8-FB65-4549-9B1F-A9EDDE851B80}.Debug|x64.ActiveCfg = Debug|Any CPU
		{1FF0BFF8-FB65-4549-9B1F-A9EDDE851B80}.Debug|x64.Build.0 = Debug|Any CPU
		{1FF0BFF8-FB65-4549-9B1F-A9EDDE851B80}.Debug|x86.ActiveCfg = Debug|Any CPU
		{1FF0BFF8-FB65-4549-9B1F-A9EDDE851B80}.Debug|x86.Build.0 = Debug|Any CPU
		{1FF0BFF8-FB65-4549-9B1F-A9EDDE851B80}.Release|Any CPU.ActiveCfg = Release|Any CPU
		{1FF0BFF8-FB65-4549-9B1F-A9EDDE851B80}.Release|Any CPU.Build.0 = Release|Any CPU
		{1FF0BFF8-FB65-4549-9B1F-A9EDDE851B80}.Release|x64.ActiveCfg = Release|Any CPU
		{1FF0BFF8-FB65-4549-9B1F-A9EDDE851B80}.Release|x64.Build.0 = Release|Any CPU
		{1FF0BFF8-FB65-4549-9B1F-A9EDDE851B80}.Release|x86.ActiveCfg = Release|Any CPU
		{1FF0BFF8-FB65-4549-9B1F-A9EDDE851B80}.Release|x86.Build.0 = Release|Any CPU
		{54D7533E-05F3-4B57-9724-8810193A9328}.Debug|Any CPU.ActiveCfg = Debug|Any CPU
		{54D7533E-05F3-4B57-9724-8810193A9328}.Debug|Any CPU.Build.0 = Debug|Any CPU
		{54D7533E-05F3-4B57-9724-8810193A9328}.Debug|x64.ActiveCfg = Debug|Any CPU
		{54D7533E-05F3-4B57-9724-8810193A9328}.Debug|x64.Build.0 = Debug|Any CPU
		{54D7533E-05F3-4B57-9724-8810193A9328}.Debug|x86.ActiveCfg = Debug|Any CPU
		{54D7533E-05F3-4B57-9724-8810193A9328}.Debug|x86.Build.0 = Debug|Any CPU
		{54D7533E-05F3-4B57-9724-8810193A9328}.Release|Any CPU.ActiveCfg = Release|Any CPU
		{54D7533E-05F3-4B57-9724-8810193A9328}.Release|Any CPU.Build.0 = Release|Any CPU
		{54D7533E-05F3-4B57-9724-8810193A9328}.Release|x64.ActiveCfg = Release|Any CPU
		{54D7533E-05F3-4B57-9724-8810193A9328}.Release|x64.Build.0 = Release|Any CPU
		{54D7533E-05F3-4B57-9724-8810193A9328}.Release|x86.ActiveCfg = Release|Any CPU
		{54D7533E-05F3-4B57-9724-8810193A9328}.Release|x86.Build.0 = Release|Any CPU
		{9CE1A297-3C28-4BD1-BA63-B94A5B135E8C}.Debug|Any CPU.ActiveCfg = Debug|Any CPU
		{9CE1A297-3C28-4BD1-BA63-B94A5B135E8C}.Debug|Any CPU.Build.0 = Debug|Any CPU
		{9CE1A297-3C28-4BD1-BA63-B94A5B135E8C}.Debug|x64.ActiveCfg = Debug|Any CPU
		{9CE1A297-3C28-4BD1-BA63-B94A5B135E8C}.Debug|x64.Build.0 = Debug|Any CPU
		{9CE1A297-3C28-4BD1-BA63-B94A5B135E8C}.Debug|x86.ActiveCfg = Debug|Any CPU
		{9CE1A297-3C28-4BD1-BA63-B94A5B135E8C}.Debug|x86.Build.0 = Debug|Any CPU
		{9CE1A297-3C28-4BD1-BA63-B94A5B135E8C}.Release|Any CPU.ActiveCfg = Release|Any CPU
		{9CE1A297-3C28-4BD1-BA63-B94A5B135E8C}.Release|Any CPU.Build.0 = Release|Any CPU
		{9CE1A297-3C28-4BD1-BA63-B94A5B135E8C}.Release|x64.ActiveCfg = Release|Any CPU
		{9CE1A297-3C28-4BD1-BA63-B94A5B135E8C}.Release|x64.Build.0 = Release|Any CPU
		{9CE1A297-3C28-4BD1-BA63-B94A5B135E8C}.Release|x86.ActiveCfg = Release|Any CPU
		{9CE1A297-3C28-4BD1-BA63-B94A5B135E8C}.Release|x86.Build.0 = Release|Any CPU
		{263BA082-E678-4BEF-BC1A-8E6620F477EA}.Debug|Any CPU.ActiveCfg = Debug|Any CPU
		{263BA082-E678-4BEF-BC1A-8E6620F477EA}.Debug|Any CPU.Build.0 = Debug|Any CPU
		{263BA082-E678-4BEF-BC1A-8E6620F477EA}.Debug|x64.ActiveCfg = Debug|Any CPU
		{263BA082-E678-4BEF-BC1A-8E6620F477EA}.Debug|x64.Build.0 = Debug|Any CPU
		{263BA082-E678-4BEF-BC1A-8E6620F477EA}.Debug|x86.ActiveCfg = Debug|Any CPU
		{263BA082-E678-4BEF-BC1A-8E6620F477EA}.Debug|x86.Build.0 = Debug|Any CPU
		{263BA082-E678-4BEF-BC1A-8E6620F477EA}.Release|Any CPU.ActiveCfg = Release|Any CPU
		{263BA082-E678-4BEF-BC1A-8E6620F477EA}.Release|Any CPU.Build.0 = Release|Any CPU
		{263BA082-E678-4BEF-BC1A-8E6620F477EA}.Release|x64.ActiveCfg = Release|Any CPU
		{263BA082-E678-4BEF-BC1A-8E6620F477EA}.Release|x64.Build.0 = Release|Any CPU
		{263BA082-E678-4BEF-BC1A-8E6620F477EA}.Release|x86.ActiveCfg = Release|Any CPU
		{263BA082-E678-4BEF-BC1A-8E6620F477EA}.Release|x86.Build.0 = Release|Any CPU
		{9AB6FBB7-CF83-48BF-86B3-584C9E42231F}.Debug|Any CPU.ActiveCfg = Debug|Any CPU
		{9AB6FBB7-CF83-48BF-86B3-584C9E42231F}.Debug|Any CPU.Build.0 = Debug|Any CPU
		{9AB6FBB7-CF83-48BF-86B3-584C9E42231F}.Debug|x64.ActiveCfg = Debug|Any CPU
		{9AB6FBB7-CF83-48BF-86B3-584C9E42231F}.Debug|x64.Build.0 = Debug|Any CPU
		{9AB6FBB7-CF83-48BF-86B3-584C9E42231F}.Debug|x86.ActiveCfg = Debug|Any CPU
		{9AB6FBB7-CF83-48BF-86B3-584C9E42231F}.Debug|x86.Build.0 = Debug|Any CPU
		{9AB6FBB7-CF83-48BF-86B3-584C9E42231F}.Release|Any CPU.ActiveCfg = Release|Any CPU
		{9AB6FBB7-CF83-48BF-86B3-584C9E42231F}.Release|Any CPU.Build.0 = Release|Any CPU
		{9AB6FBB7-CF83-48BF-86B3-584C9E42231F}.Release|x64.ActiveCfg = Release|Any CPU
		{9AB6FBB7-CF83-48BF-86B3-584C9E42231F}.Release|x64.Build.0 = Release|Any CPU
		{9AB6FBB7-CF83-48BF-86B3-584C9E42231F}.Release|x86.ActiveCfg = Release|Any CPU
		{9AB6FBB7-CF83-48BF-86B3-584C9E42231F}.Release|x86.Build.0 = Release|Any CPU
	EndGlobalSection
	GlobalSection(SolutionProperties) = preSolution
		HideSolutionNode = FALSE
	EndGlobalSection
	GlobalSection(ExtensibilityGlobals) = postSolution
		SolutionGuid = {9AE5A1AA-375F-48FF-BA92-62CBAA3860A2}
	EndGlobalSection
EndGlobal
